// !$*UTF8*$!
{
	archiveVersion = 1;
	classes = {
	};
	objectVersion = 50;
	objects = {

/* Begin PBXBuildFile section */
		1F3FFEDA208EA31900899E70 /* AppDelegate.swift in Sources */ = {isa = PBXBuildFile; fileRef = 1F3FFED9208EA31900899E70 /* AppDelegate.swift */; };
		1F3FFEDC208EA31900899E70 /* ViewController.swift in Sources */ = {isa = PBXBuildFile; fileRef = 1F3FFEDB208EA31900899E70 /* ViewController.swift */; };
		1F3FFEDF208EA31900899E70 /* Main.storyboard in Resources */ = {isa = PBXBuildFile; fileRef = 1F3FFEDD208EA31900899E70 /* Main.storyboard */; };
		1F3FFEE1208EA31B00899E70 /* Assets.xcassets in Resources */ = {isa = PBXBuildFile; fileRef = 1F3FFEE0208EA31B00899E70 /* Assets.xcassets */; };
		1F3FFEE4208EA31B00899E70 /* LaunchScreen.storyboard in Resources */ = {isa = PBXBuildFile; fileRef = 1F3FFEE2208EA31B00899E70 /* LaunchScreen.storyboard */; };
		1F3FFEEC208EA94200899E70 /* RegistrationViewController.swift in Sources */ = {isa = PBXBuildFile; fileRef = 1F3FFEEB208EA94200899E70 /* RegistrationViewController.swift */; };
		1F3FFEEE208EA9A500899E70 /* GoogleService-Info.plist in Resources */ = {isa = PBXBuildFile; fileRef = 1F3FFEED208EA9A500899E70 /* GoogleService-Info.plist */; };
		1F3FFEF0208EADCD00899E70 /* HomeViewController.swift in Sources */ = {isa = PBXBuildFile; fileRef = 1F3FFEEF208EADCD00899E70 /* HomeViewController.swift */; };
		1F3FFEF2208ED46700899E70 /* SettingsViewController.swift in Sources */ = {isa = PBXBuildFile; fileRef = 1F3FFEF1208ED46700899E70 /* SettingsViewController.swift */; };
		3F6B94192092DB0000F0C1AE /* Images.xcassets in Resources */ = {isa = PBXBuildFile; fileRef = 3F6B94182092DB0000F0C1AE /* Images.xcassets */; };
		487F978520954BA200FB8D14 /* LocalCollection.swift in Sources */ = {isa = PBXBuildFile; fileRef = 487F978420954BA200FB8D14 /* LocalCollection.swift */; };
		48D3678920951C60000B74D9 /* User.swift in Sources */ = {isa = PBXBuildFile; fileRef = 48D3678820951C60000B74D9 /* User.swift */; };
		48D3678B209526E3000B74D9 /* Project.swift in Sources */ = {isa = PBXBuildFile; fileRef = 48D3678A209526E3000B74D9 /* Project.swift */; };
		7A8825128D856817B4BBA196 /* Pods_TimeTrax.framework in Frameworks */ = {isa = PBXBuildFile; fileRef = 8ECBAAC1538B37A6015140D6 /* Pods_TimeTrax.framework */; };
		BB3D5AA02096473B000FB736 /* TaskDetailViewController.swift in Sources */ = {isa = PBXBuildFile; fileRef = BB3D5A9F2096473B000FB736 /* TaskDetailViewController.swift */; };
		BB5215742092C9CC00E20472 /* SettingsPWViewController.swift in Sources */ = {isa = PBXBuildFile; fileRef = BB5215732092C9CC00E20472 /* SettingsPWViewController.swift */; };
/* End PBXBuildFile section */

/* Begin PBXFileReference section */
		1EB621F8B31E7A638B427AB4 /* Pods-TimeTrax.release.xcconfig */ = {isa = PBXFileReference; includeInIndex = 1; lastKnownFileType = text.xcconfig; name = "Pods-TimeTrax.release.xcconfig"; path = "Pods/Target Support Files/Pods-TimeTrax/Pods-TimeTrax.release.xcconfig"; sourceTree = "<group>"; };
		1F3FFED6208EA31900899E70 /* TimeTrax.app */ = {isa = PBXFileReference; explicitFileType = wrapper.application; includeInIndex = 0; path = TimeTrax.app; sourceTree = BUILT_PRODUCTS_DIR; };
		1F3FFED9208EA31900899E70 /* AppDelegate.swift */ = {isa = PBXFileReference; lastKnownFileType = sourcecode.swift; path = AppDelegate.swift; sourceTree = "<group>"; };
		1F3FFEDB208EA31900899E70 /* ViewController.swift */ = {isa = PBXFileReference; lastKnownFileType = sourcecode.swift; path = ViewController.swift; sourceTree = "<group>"; };
		1F3FFEDE208EA31900899E70 /* Base */ = {isa = PBXFileReference; lastKnownFileType = file.storyboard; name = Base; path = Base.lproj/Main.storyboard; sourceTree = "<group>"; };
		1F3FFEE0208EA31B00899E70 /* Assets.xcassets */ = {isa = PBXFileReference; lastKnownFileType = folder.assetcatalog; path = Assets.xcassets; sourceTree = "<group>"; };
		1F3FFEE3208EA31B00899E70 /* Base */ = {isa = PBXFileReference; lastKnownFileType = file.storyboard; name = Base; path = Base.lproj/LaunchScreen.storyboard; sourceTree = "<group>"; };
		1F3FFEE5208EA31B00899E70 /* Info.plist */ = {isa = PBXFileReference; lastKnownFileType = text.plist.xml; path = Info.plist; sourceTree = "<group>"; };
		1F3FFEEB208EA94200899E70 /* RegistrationViewController.swift */ = {isa = PBXFileReference; lastKnownFileType = sourcecode.swift; path = RegistrationViewController.swift; sourceTree = "<group>"; };
		1F3FFEED208EA9A500899E70 /* GoogleService-Info.plist */ = {isa = PBXFileReference; fileEncoding = 4; lastKnownFileType = text.plist.xml; path = "GoogleService-Info.plist"; sourceTree = "<group>"; };
		1F3FFEEF208EADCD00899E70 /* HomeViewController.swift */ = {isa = PBXFileReference; lastKnownFileType = sourcecode.swift; path = HomeViewController.swift; sourceTree = "<group>"; };
		1F3FFEF1208ED46700899E70 /* SettingsViewController.swift */ = {isa = PBXFileReference; lastKnownFileType = sourcecode.swift; path = SettingsViewController.swift; sourceTree = "<group>"; };
		3F6B94182092DB0000F0C1AE /* Images.xcassets */ = {isa = PBXFileReference; lastKnownFileType = folder.assetcatalog; path = Images.xcassets; sourceTree = "<group>"; };
		487F978420954BA200FB8D14 /* LocalCollection.swift */ = {isa = PBXFileReference; lastKnownFileType = sourcecode.swift; path = LocalCollection.swift; sourceTree = "<group>"; };
		48D3678820951C60000B74D9 /* User.swift */ = {isa = PBXFileReference; lastKnownFileType = sourcecode.swift; path = User.swift; sourceTree = "<group>"; };
		48D3678A209526E3000B74D9 /* Project.swift */ = {isa = PBXFileReference; lastKnownFileType = sourcecode.swift; path = Project.swift; sourceTree = "<group>"; };
		8ECBAAC1538B37A6015140D6 /* Pods_TimeTrax.framework */ = {isa = PBXFileReference; explicitFileType = wrapper.framework; includeInIndex = 0; path = Pods_TimeTrax.framework; sourceTree = BUILT_PRODUCTS_DIR; };
		B928AE1CC4E297AEBA20FEBB /* Pods-TimeTrax.debug.xcconfig */ = {isa = PBXFileReference; includeInIndex = 1; lastKnownFileType = text.xcconfig; name = "Pods-TimeTrax.debug.xcconfig"; path = "Pods/Target Support Files/Pods-TimeTrax/Pods-TimeTrax.debug.xcconfig"; sourceTree = "<group>"; };
		BB3D5A9F2096473B000FB736 /* TaskDetailViewController.swift */ = {isa = PBXFileReference; lastKnownFileType = sourcecode.swift; path = TaskDetailViewController.swift; sourceTree = "<group>"; };
		BB5215732092C9CC00E20472 /* SettingsPWViewController.swift */ = {isa = PBXFileReference; lastKnownFileType = sourcecode.swift; path = SettingsPWViewController.swift; sourceTree = "<group>"; };
/* End PBXFileReference section */

/* Begin PBXFrameworksBuildPhase section */
		1F3FFED3208EA31900899E70 /* Frameworks */ = {
			isa = PBXFrameworksBuildPhase;
			buildActionMask = 2147483647;
			files = (
				7A8825128D856817B4BBA196 /* Pods_TimeTrax.framework in Frameworks */,
			);
			runOnlyForDeploymentPostprocessing = 0;
		};
/* End PBXFrameworksBuildPhase section */

/* Begin PBXGroup section */
		1F3FFECD208EA31900899E70 = {
			isa = PBXGroup;
			children = (
				1F3FFED8208EA31900899E70 /* TimeTrax */,
				1F3FFED7208EA31900899E70 /* Products */,
				8F5E9DDE7F5F23BB9FC6DE5A /* Pods */,
				D5F649C5CC8F7D5EF54CCA82 /* Frameworks */,
			);
			sourceTree = "<group>";
		};
		1F3FFED7208EA31900899E70 /* Products */ = {
			isa = PBXGroup;
			children = (
				1F3FFED6208EA31900899E70 /* TimeTrax.app */,
			);
			name = Products;
			sourceTree = "<group>";
		};
		1F3FFED8208EA31900899E70 /* TimeTrax */ = {
			isa = PBXGroup;
			children = (
				1F3FFED9208EA31900899E70 /* AppDelegate.swift */,
				1F3FFEDB208EA31900899E70 /* ViewController.swift */,
				48D3678820951C60000B74D9 /* User.swift */,
				487F978420954BA200FB8D14 /* LocalCollection.swift */,
				1F3FFEEB208EA94200899E70 /* RegistrationViewController.swift */,
				1F3FFEEF208EADCD00899E70 /* HomeViewController.swift */,
				BB3D5A9F2096473B000FB736 /* TaskDetailViewController.swift */,
				1F3FFEF1208ED46700899E70 /* SettingsViewController.swift */,
				1F3FFEDD208EA31900899E70 /* Main.storyboard */,
				1F3FFEE0208EA31B00899E70 /* Assets.xcassets */,
				1F3FFEE2208EA31B00899E70 /* LaunchScreen.storyboard */,
				1F3FFEE5208EA31B00899E70 /* Info.plist */,
				1F3FFEED208EA9A500899E70 /* GoogleService-Info.plist */,
				BB5215732092C9CC00E20472 /* SettingsPWViewController.swift */,
				3F6B94182092DB0000F0C1AE /* Images.xcassets */,
				48D3678A209526E3000B74D9 /* Project.swift */,
			);
			path = TimeTrax;
			sourceTree = "<group>";
		};
		8F5E9DDE7F5F23BB9FC6DE5A /* Pods */ = {
			isa = PBXGroup;
			children = (
				B928AE1CC4E297AEBA20FEBB /* Pods-TimeTrax.debug.xcconfig */,
				1EB621F8B31E7A638B427AB4 /* Pods-TimeTrax.release.xcconfig */,
			);
			name = Pods;
			sourceTree = "<group>";
		};
		D5F649C5CC8F7D5EF54CCA82 /* Frameworks */ = {
			isa = PBXGroup;
			children = (
				8ECBAAC1538B37A6015140D6 /* Pods_TimeTrax.framework */,
			);
			name = Frameworks;
			sourceTree = "<group>";
		};
/* End PBXGroup section */

/* Begin PBXNativeTarget section */
		1F3FFED5208EA31900899E70 /* TimeTrax */ = {
			isa = PBXNativeTarget;
			buildConfigurationList = 1F3FFEE8208EA31B00899E70 /* Build configuration list for PBXNativeTarget "TimeTrax" */;
			buildPhases = (
				EC5584225A3159BC6F279492 /* [CP] Check Pods Manifest.lock */,
				1F3FFED2208EA31900899E70 /* Sources */,
				1F3FFED3208EA31900899E70 /* Frameworks */,
				1F3FFED4208EA31900899E70 /* Resources */,
				364FB880098D9F5429FDB8CD /* [CP] Embed Pods Frameworks */,
				E5D6E0B70407B603D16AF7D3 /* [CP] Copy Pods Resources */,
			);
			buildRules = (
			);
			dependencies = (
			);
			name = TimeTrax;
			productName = TimeTrax;
			productReference = 1F3FFED6208EA31900899E70 /* TimeTrax.app */;
			productType = "com.apple.product-type.application";
		};
/* End PBXNativeTarget section */

/* Begin PBXProject section */
		1F3FFECE208EA31900899E70 /* Project object */ = {
			isa = PBXProject;
			attributes = {
				LastSwiftUpdateCheck = 0930;
				LastUpgradeCheck = 0930;
				ORGANIZATIONNAME = AndrewKyuProjects;
				TargetAttributes = {
					1F3FFED5208EA31900899E70 = {
						CreatedOnToolsVersion = 9.3;
					};
				};
			};
			buildConfigurationList = 1F3FFED1208EA31900899E70 /* Build configuration list for PBXProject "TimeTrax" */;
			compatibilityVersion = "Xcode 9.3";
			developmentRegion = en;
			hasScannedForEncodings = 0;
			knownRegions = (
				en,
				Base,
			);
			mainGroup = 1F3FFECD208EA31900899E70;
			productRefGroup = 1F3FFED7208EA31900899E70 /* Products */;
			projectDirPath = "";
			projectRoot = "";
			targets = (
				1F3FFED5208EA31900899E70 /* TimeTrax */,
			);
		};
/* End PBXProject section */

/* Begin PBXResourcesBuildPhase section */
		1F3FFED4208EA31900899E70 /* Resources */ = {
			isa = PBXResourcesBuildPhase;
			buildActionMask = 2147483647;
			files = (
				1F3FFEE4208EA31B00899E70 /* LaunchScreen.storyboard in Resources */,
				3F6B94192092DB0000F0C1AE /* Images.xcassets in Resources */,
				1F3FFEEE208EA9A500899E70 /* GoogleService-Info.plist in Resources */,
				1F3FFEE1208EA31B00899E70 /* Assets.xcassets in Resources */,
				1F3FFEDF208EA31900899E70 /* Main.storyboard in Resources */,
			);
			runOnlyForDeploymentPostprocessing = 0;
		};
/* End PBXResourcesBuildPhase section */

/* Begin PBXShellScriptBuildPhase section */
		364FB880098D9F5429FDB8CD /* [CP] Embed Pods Frameworks */ = {
			isa = PBXShellScriptBuildPhase;
			buildActionMask = 2147483647;
			files = (
			);
			inputPaths = (
				"${SRCROOT}/Pods/Target Support Files/Pods-TimeTrax/Pods-TimeTrax-frameworks.sh",
				"${BUILT_PRODUCTS_DIR}/BoringSSL/openssl.framework",
				"${BUILT_PRODUCTS_DIR}/FSCalendar/FSCalendar.framework",
				"${BUILT_PRODUCTS_DIR}/GTMOAuth2/GTMOAuth2.framework",
				"${BUILT_PRODUCTS_DIR}/GTMSessionFetcher/GTMSessionFetcher.framework",
				"${BUILT_PRODUCTS_DIR}/GoogleToolboxForMac/GoogleToolboxForMac.framework",
				"${BUILT_PRODUCTS_DIR}/Protobuf/Protobuf.framework",
				"${BUILT_PRODUCTS_DIR}/SDWebImage/SDWebImage.framework",
				"${BUILT_PRODUCTS_DIR}/gRPC/GRPCClient.framework",
				"${BUILT_PRODUCTS_DIR}/gRPC-Core/grpc.framework",
				"${BUILT_PRODUCTS_DIR}/gRPC-ProtoRPC/ProtoRPC.framework",
				"${BUILT_PRODUCTS_DIR}/gRPC-RxLibrary/RxLibrary.framework",
				"${BUILT_PRODUCTS_DIR}/leveldb-library/leveldb.framework",
				"${BUILT_PRODUCTS_DIR}/nanopb/nanopb.framework",
			);
			name = "[CP] Embed Pods Frameworks";
			outputPaths = (
				"${TARGET_BUILD_DIR}/${FRAMEWORKS_FOLDER_PATH}/openssl.framework",
				"${TARGET_BUILD_DIR}/${FRAMEWORKS_FOLDER_PATH}/FSCalendar.framework",
				"${TARGET_BUILD_DIR}/${FRAMEWORKS_FOLDER_PATH}/GTMOAuth2.framework",
				"${TARGET_BUILD_DIR}/${FRAMEWORKS_FOLDER_PATH}/GTMSessionFetcher.framework",
				"${TARGET_BUILD_DIR}/${FRAMEWORKS_FOLDER_PATH}/GoogleToolboxForMac.framework",
				"${TARGET_BUILD_DIR}/${FRAMEWORKS_FOLDER_PATH}/Protobuf.framework",
				"${TARGET_BUILD_DIR}/${FRAMEWORKS_FOLDER_PATH}/SDWebImage.framework",
				"${TARGET_BUILD_DIR}/${FRAMEWORKS_FOLDER_PATH}/GRPCClient.framework",
				"${TARGET_BUILD_DIR}/${FRAMEWORKS_FOLDER_PATH}/grpc.framework",
				"${TARGET_BUILD_DIR}/${FRAMEWORKS_FOLDER_PATH}/ProtoRPC.framework",
				"${TARGET_BUILD_DIR}/${FRAMEWORKS_FOLDER_PATH}/RxLibrary.framework",
				"${TARGET_BUILD_DIR}/${FRAMEWORKS_FOLDER_PATH}/leveldb.framework",
				"${TARGET_BUILD_DIR}/${FRAMEWORKS_FOLDER_PATH}/nanopb.framework",
			);
			runOnlyForDeploymentPostprocessing = 0;
			shellPath = /bin/sh;
			shellScript = "\"${SRCROOT}/Pods/Target Support Files/Pods-TimeTrax/Pods-TimeTrax-frameworks.sh\"\n";
			showEnvVarsInLog = 0;
		};
		E5D6E0B70407B603D16AF7D3 /* [CP] Copy Pods Resources */ = {
			isa = PBXShellScriptBuildPhase;
			buildActionMask = 2147483647;
			files = (
			);
			inputPaths = (
				"${SRCROOT}/Pods/Target Support Files/Pods-TimeTrax/Pods-TimeTrax-resources.sh",
				"${PODS_CONFIGURATION_BUILD_DIR}/FirebaseUI/FirebaseAuthUI.bundle",
				"${PODS_CONFIGURATION_BUILD_DIR}/FirebaseUI/FirebaseGoogleAuthUI.bundle",
				"${PODS_ROOT}/GoogleSignIn/Resources/GoogleSignIn.bundle",
			);
			name = "[CP] Copy Pods Resources";
			outputPaths = (
				"${TARGET_BUILD_DIR}/${UNLOCALIZED_RESOURCES_FOLDER_PATH}/FirebaseAuthUI.bundle",
				"${TARGET_BUILD_DIR}/${UNLOCALIZED_RESOURCES_FOLDER_PATH}/FirebaseGoogleAuthUI.bundle",
				"${TARGET_BUILD_DIR}/${UNLOCALIZED_RESOURCES_FOLDER_PATH}/GoogleSignIn.bundle",
			);
			runOnlyForDeploymentPostprocessing = 0;
			shellPath = /bin/sh;
			shellScript = "\"${SRCROOT}/Pods/Target Support Files/Pods-TimeTrax/Pods-TimeTrax-resources.sh\"\n";
			showEnvVarsInLog = 0;
		};
		EC5584225A3159BC6F279492 /* [CP] Check Pods Manifest.lock */ = {
			isa = PBXShellScriptBuildPhase;
			buildActionMask = 2147483647;
			files = (
			);
			inputPaths = (
				"${PODS_PODFILE_DIR_PATH}/Podfile.lock",
				"${PODS_ROOT}/Manifest.lock",
			);
			name = "[CP] Check Pods Manifest.lock";
			outputPaths = (
				"$(DERIVED_FILE_DIR)/Pods-TimeTrax-checkManifestLockResult.txt",
			);
			runOnlyForDeploymentPostprocessing = 0;
			shellPath = /bin/sh;
			shellScript = "diff \"${PODS_PODFILE_DIR_PATH}/Podfile.lock\" \"${PODS_ROOT}/Manifest.lock\" > /dev/null\nif [ $? != 0 ] ; then\n    # print error to STDERR\n    echo \"error: The sandbox is not in sync with the Podfile.lock. Run 'pod install' or update your CocoaPods installation.\" >&2\n    exit 1\nfi\n# This output is used by Xcode 'outputs' to avoid re-running this script phase.\necho \"SUCCESS\" > \"${SCRIPT_OUTPUT_FILE_0}\"\n";
			showEnvVarsInLog = 0;
		};
/* End PBXShellScriptBuildPhase section */

/* Begin PBXSourcesBuildPhase section */
		1F3FFED2208EA31900899E70 /* Sources */ = {
			isa = PBXSourcesBuildPhase;
			buildActionMask = 2147483647;
			files = (
				BB5215742092C9CC00E20472 /* SettingsPWViewController.swift in Sources */,
				1F3FFEEC208EA94200899E70 /* RegistrationViewController.swift in Sources */,
				487F978520954BA200FB8D14 /* LocalCollection.swift in Sources */,
				1F3FFEDC208EA31900899E70 /* ViewController.swift in Sources */,
				BB3D5AA02096473B000FB736 /* TaskDetailViewController.swift in Sources */,
				48D3678920951C60000B74D9 /* User.swift in Sources */,
				1F3FFEDA208EA31900899E70 /* AppDelegate.swift in Sources */,
				1F3FFEF2208ED46700899E70 /* SettingsViewController.swift in Sources */,
				1F3FFEF0208EADCD00899E70 /* HomeViewController.swift in Sources */,
				48D3678B209526E3000B74D9 /* Project.swift in Sources */,
			);
			runOnlyForDeploymentPostprocessing = 0;
		};
/* End PBXSourcesBuildPhase section */

/* Begin PBXVariantGroup section */
		1F3FFEDD208EA31900899E70 /* Main.storyboard */ = {
			isa = PBXVariantGroup;
			children = (
				1F3FFEDE208EA31900899E70 /* Base */,
			);
			name = Main.storyboard;
			sourceTree = "<group>";
		};
		1F3FFEE2208EA31B00899E70 /* LaunchScreen.storyboard */ = {
			isa = PBXVariantGroup;
			children = (
				1F3FFEE3208EA31B00899E70 /* Base */,
			);
			name = LaunchScreen.storyboard;
			sourceTree = "<group>";
		};
/* End PBXVariantGroup section */

/* Begin XCBuildConfiguration section */
		1F3FFEE6208EA31B00899E70 /* Debug */ = {
			isa = XCBuildConfiguration;
			buildSettings = {
				ALWAYS_SEARCH_USER_PATHS = NO;
				CLANG_ANALYZER_NONNULL = YES;
				CLANG_ANALYZER_NUMBER_OBJECT_CONVERSION = YES_AGGRESSIVE;
				CLANG_CXX_LANGUAGE_STANDARD = "gnu++14";
				CLANG_CXX_LIBRARY = "libc++";
				CLANG_ENABLE_MODULES = YES;
				CLANG_ENABLE_OBJC_ARC = YES;
				CLANG_ENABLE_OBJC_WEAK = YES;
				CLANG_WARN_BLOCK_CAPTURE_AUTORELEASING = YES;
				CLANG_WARN_BOOL_CONVERSION = YES;
				CLANG_WARN_COMMA = YES;
				CLANG_WARN_CONSTANT_CONVERSION = YES;
				CLANG_WARN_DEPRECATED_OBJC_IMPLEMENTATIONS = YES;
				CLANG_WARN_DIRECT_OBJC_ISA_USAGE = YES_ERROR;
				CLANG_WARN_DOCUMENTATION_COMMENTS = YES;
				CLANG_WARN_EMPTY_BODY = YES;
				CLANG_WARN_ENUM_CONVERSION = YES;
				CLANG_WARN_INFINITE_RECURSION = YES;
				CLANG_WARN_INT_CONVERSION = YES;
				CLANG_WARN_NON_LITERAL_NULL_CONVERSION = YES;
				CLANG_WARN_OBJC_IMPLICIT_RETAIN_SELF = YES;
				CLANG_WARN_OBJC_LITERAL_CONVERSION = YES;
				CLANG_WARN_OBJC_ROOT_CLASS = YES_ERROR;
				CLANG_WARN_RANGE_LOOP_ANALYSIS = YES;
				CLANG_WARN_STRICT_PROTOTYPES = YES;
				CLANG_WARN_SUSPICIOUS_MOVE = YES;
				CLANG_WARN_UNGUARDED_AVAILABILITY = YES_AGGRESSIVE;
				CLANG_WARN_UNREACHABLE_CODE = YES;
				CLANG_WARN__DUPLICATE_METHOD_MATCH = YES;
				CODE_SIGN_IDENTITY = "iPhone Developer";
				COPY_PHASE_STRIP = NO;
				DEBUG_INFORMATION_FORMAT = dwarf;
				ENABLE_STRICT_OBJC_MSGSEND = YES;
				ENABLE_TESTABILITY = YES;
				GCC_C_LANGUAGE_STANDARD = gnu11;
				GCC_DYNAMIC_NO_PIC = NO;
				GCC_NO_COMMON_BLOCKS = YES;
				GCC_OPTIMIZATION_LEVEL = 0;
				GCC_PREPROCESSOR_DEFINITIONS = (
					"DEBUG=1",
					"$(inherited)",
				);
				GCC_WARN_64_TO_32_BIT_CONVERSION = YES;
				GCC_WARN_ABOUT_RETURN_TYPE = YES_ERROR;
				GCC_WARN_UNDECLARED_SELECTOR = YES;
				GCC_WARN_UNINITIALIZED_AUTOS = YES_AGGRESSIVE;
				GCC_WARN_UNUSED_FUNCTION = YES;
				GCC_WARN_UNUSED_VARIABLE = YES;
				IPHONEOS_DEPLOYMENT_TARGET = 11.3;
				MTL_ENABLE_DEBUG_INFO = YES;
				ONLY_ACTIVE_ARCH = YES;
				SDKROOT = iphoneos;
				SWIFT_ACTIVE_COMPILATION_CONDITIONS = DEBUG;
				SWIFT_OPTIMIZATION_LEVEL = "-Onone";
			};
			name = Debug;
		};
		1F3FFEE7208EA31B00899E70 /* Release */ = {
			isa = XCBuildConfiguration;
			buildSettings = {
				ALWAYS_SEARCH_USER_PATHS = NO;
				CLANG_ANALYZER_NONNULL = YES;
				CLANG_ANALYZER_NUMBER_OBJECT_CONVERSION = YES_AGGRESSIVE;
				CLANG_CXX_LANGUAGE_STANDARD = "gnu++14";
				CLANG_CXX_LIBRARY = "libc++";
				CLANG_ENABLE_MODULES = YES;
				CLANG_ENABLE_OBJC_ARC = YES;
				CLANG_ENABLE_OBJC_WEAK = YES;
				CLANG_WARN_BLOCK_CAPTURE_AUTORELEASING = YES;
				CLANG_WARN_BOOL_CONVERSION = YES;
				CLANG_WARN_COMMA = YES;
				CLANG_WARN_CONSTANT_CONVERSION = YES;
				CLANG_WARN_DEPRECATED_OBJC_IMPLEMENTATIONS = YES;
				CLANG_WARN_DIRECT_OBJC_ISA_USAGE = YES_ERROR;
				CLANG_WARN_DOCUMENTATION_COMMENTS = YES;
				CLANG_WARN_EMPTY_BODY = YES;
				CLANG_WARN_ENUM_CONVERSION = YES;
				CLANG_WARN_INFINITE_RECURSION = YES;
				CLANG_WARN_INT_CONVERSION = YES;
				CLANG_WARN_NON_LITERAL_NULL_CONVERSION = YES;
				CLANG_WARN_OBJC_IMPLICIT_RETAIN_SELF = YES;
				CLANG_WARN_OBJC_LITERAL_CONVERSION = YES;
				CLANG_WARN_OBJC_ROOT_CLASS = YES_ERROR;
				CLANG_WARN_RANGE_LOOP_ANALYSIS = YES;
				CLANG_WARN_STRICT_PROTOTYPES = YES;
				CLANG_WARN_SUSPICIOUS_MOVE = YES;
				CLANG_WARN_UNGUARDED_AVAILABILITY = YES_AGGRESSIVE;
				CLANG_WARN_UNREACHABLE_CODE = YES;
				CLANG_WARN__DUPLICATE_METHOD_MATCH = YES;
				CODE_SIGN_IDENTITY = "iPhone Developer";
				COPY_PHASE_STRIP = NO;
				DEBUG_INFORMATION_FORMAT = "dwarf-with-dsym";
				ENABLE_NS_ASSERTIONS = NO;
				ENABLE_STRICT_OBJC_MSGSEND = YES;
				GCC_C_LANGUAGE_STANDARD = gnu11;
				GCC_NO_COMMON_BLOCKS = YES;
				GCC_WARN_64_TO_32_BIT_CONVERSION = YES;
				GCC_WARN_ABOUT_RETURN_TYPE = YES_ERROR;
				GCC_WARN_UNDECLARED_SELECTOR = YES;
				GCC_WARN_UNINITIALIZED_AUTOS = YES_AGGRESSIVE;
				GCC_WARN_UNUSED_FUNCTION = YES;
				GCC_WARN_UNUSED_VARIABLE = YES;
				IPHONEOS_DEPLOYMENT_TARGET = 11.3;
				MTL_ENABLE_DEBUG_INFO = NO;
				SDKROOT = iphoneos;
				SWIFT_COMPILATION_MODE = wholemodule;
				SWIFT_OPTIMIZATION_LEVEL = "-O";
				VALIDATE_PRODUCT = YES;
			};
			name = Release;
		};
		1F3FFEE9208EA31B00899E70 /* Debug */ = {
			isa = XCBuildConfiguration;
			baseConfigurationReference = B928AE1CC4E297AEBA20FEBB /* Pods-TimeTrax.debug.xcconfig */;
			buildSettings = {
				ASSETCATALOG_COMPILER_APPICON_NAME = AppIcon;
				CODE_SIGN_STYLE = Automatic;
				DEVELOPMENT_TEAM = 6WA6Y7KBQJ;
				INFOPLIST_FILE = TimeTrax/Info.plist;
				LD_RUNPATH_SEARCH_PATHS = (
					"$(inherited)",
					"@executable_path/Frameworks",
				);
				PRODUCT_BUNDLE_IDENTIFIER = AndrewKyu.TimeTrax;
				PRODUCT_NAME = "$(TARGET_NAME)";
				SWIFT_VERSION = 4.0;
				TARGETED_DEVICE_FAMILY = "1,2";
			};
			name = Debug;
		};
		1F3FFEEA208EA31B00899E70 /* Release */ = {
			isa = XCBuildConfiguration;
			baseConfigurationReference = 1EB621F8B31E7A638B427AB4 /* Pods-TimeTrax.release.xcconfig */;
			buildSettings = {
				ASSETCATALOG_COMPILER_APPICON_NAME = AppIcon;
				CODE_SIGN_STYLE = Automatic;
				DEVELOPMENT_TEAM = 6WA6Y7KBQJ;
				INFOPLIST_FILE = TimeTrax/Info.plist;
				LD_RUNPATH_SEARCH_PATHS = (
					"$(inherited)",
					"@executable_path/Frameworks",
				);
				PRODUCT_BUNDLE_IDENTIFIER = AndrewKyu.TimeTrax;
				PRODUCT_NAME = "$(TARGET_NAME)";
				SWIFT_VERSION = 4.0;
				TARGETED_DEVICE_FAMILY = "1,2";
			};
			name = Release;
		};
/* End XCBuildConfiguration section */

/* Begin XCConfigurationList section */
		1F3FFED1208EA31900899E70 /* Build configuration list for PBXProject "TimeTrax" */ = {
			isa = XCConfigurationList;
			buildConfigurations = (
				1F3FFEE6208EA31B00899E70 /* Debug */,
				1F3FFEE7208EA31B00899E70 /* Release */,
			);
			defaultConfigurationIsVisible = 0;
			defaultConfigurationName = Release;
		};
		1F3FFEE8208EA31B00899E70 /* Build configuration list for PBXNativeTarget "TimeTrax" */ = {
			isa = XCConfigurationList;
			buildConfigurations = (
				1F3FFEE9208EA31B00899E70 /* Debug */,
				1F3FFEEA208EA31B00899E70 /* Release */,
			);
			defaultConfigurationIsVisible = 0;
			defaultConfigurationName = Release;
		};
/* End XCConfigurationList section */
	};
	rootObject = 1F3FFECE208EA31900899E70 /* Project object */;
}
